
Microsoft Visual Studio Solution File, Format Version 12.00
# Visual Studio Version 17
VisualStudioVersion = 17.2.32602.215
MinimumVisualStudioVersion = 10.0.40219.1
Project("{9A19103F-16F7-4668-BE54-9A1E7A4F7556}") = "Gagspeak.API", "Gagspeak.API.csproj", "{CD05EE19-802F-4490-AAD8-CAD4BF1D630D}"
EndProject
Global
	GlobalSection(SolutionConfigurationPlatforms) = preSolution
		Debug|Any CPU = Debug|Any CPU
		Release|Any CPU = Release|Any CPU
	EndGlobalSection
	GlobalSection(ProjectConfigurationPlatforms) = postSolution
		{CD05EE19-802F-4490-AAD8-CAD4BF1D630D}.Debug|Any CPU.ActiveCfg = Debug|Any CPU
		{CD05EE19-802F-4490-AAD8-CAD4BF1D630D}.Debug|Any CPU.Build.0 = Debug|Any CPU
		{CD05EE19-802F-4490-AAD8-CAD4BF1D630D}.Release|Any CPU.ActiveCfg = Release|Any CPU
		{CD05EE19-802F-4490-AAD8-CAD4BF1D630D}.Release|Any CPU.Build.0 = Release|Any CPU
	EndGlobalSection
	GlobalSection(SolutionProperties) = preSolution
		HideSolutionNode = FALSE
	EndGlobalSection
	GlobalSection(ExtensibilityGlobals) = postSolution
		SolutionGuid = {DFB70C71-AB27-468D-A08B-218CA79BF69D}
	EndGlobalSection
EndGlobal
