{
  "version": 1,
  "dependencies": {
    "net9.0-windows7.0": {
      "DotNet.ReproducibleBuilds": {
        "type": "Direct",
        "requested": "[1.2.25, )",
        "resolved": "1.2.25",
        "contentHash": "xCXiw7BCxHJ8pF6wPepRUddlh2dlQlbr81gXA72hdk4FLHkKXas7EH/n+fk5UCA/YfMqG1Z6XaPiUjDbUNBUzg=="
      },
      "MessagePack.Annotations": {
        "type": "Direct",
        "requested": "[2.5.129, )",
        "resolved": "2.5.129",
        "contentHash": "wNJB3EaJKjq+5pti+0T8b444fEb2PRw3hFefp9+of/BvDdTWO0iIUWfYNZbKx5aAIrpFzhLEfMAEJnGWWq3OFQ=="
      }
    }
  }
}